
Microsoft Visual Studio Solution File, Format Version 12.00
# Visual Studio Version 16
VisualStudioVersion = 16.0.30517.126
MinimumVisualStudioVersion = 10.0.40219.1
Project("{FAE04EC0-301F-11D3-BF4B-00C04F79EFBC}") = "RentCar", "RentCar\RentCar.csproj", "{03439B6E-BB82-4B7B-B8A0-064E51F7D14C}"
EndProject
Global
	GlobalSection(SolutionConfigurationPlatforms) = preSolution
		Debug|Any CPU = Debug|Any CPU
		Release|Any CPU = Release|Any CPU
	EndGlobalSection
	GlobalSection(ProjectConfigurationPlatforms) = postSolution
		{03439B6E-BB82-4B7B-B8A0-064E51F7D14C}.Debug|Any CPU.ActiveCfg = Debug|Any CPU
		{03439B6E-BB82-4B7B-B8A0-064E51F7D14C}.Debug|Any CPU.Build.0 = Debug|Any CPU
		{03439B6E-BB82-4B7B-B8A0-064E51F7D14C}.Release|Any CPU.ActiveCfg = Release|Any CPU
		{03439B6E-BB82-4B7B-B8A0-064E51F7D14C}.Release|Any CPU.Build.0 = Release|Any CPU
	EndGlobalSection
	GlobalSection(SolutionProperties) = preSolution
		HideSolutionNode = FALSE
	EndGlobalSection
	GlobalSection(ExtensibilityGlobals) = postSolution
		SolutionGuid = {72E03B82-751B-47DC-BDA5-E39C24DB8D16}
	EndGlobalSection
EndGlobal
